
Microsoft Visual Studio Solution File, Format Version 10.00
# Visual Studio 2008
Project("{54435603-DBB4-11D2-8724-00A0C9A8B90C}") = "exodep", "exodep.vdproj", "{64156774-03C5-44FE-A7D6-61FAE630D979}"
EndProject
Global
	GlobalSection(SolutionConfigurationPlatforms) = preSolution
		Debug|Default = Debug|Default
		Release|Default = Release|Default
	EndGlobalSection
	GlobalSection(ProjectConfigurationPlatforms) = postSolution
		{64156774-03C5-44FE-A7D6-61FAE630D979}.Debug|Default.ActiveCfg = Debug
		{64156774-03C5-44FE-A7D6-61FAE630D979}.Debug|Default.Build.0 = Debug
		{64156774-03C5-44FE-A7D6-61FAE630D979}.Release|Default.ActiveCfg = Release
		{64156774-03C5-44FE-A7D6-61FAE630D979}.Release|Default.Build.0 = Release
	EndGlobalSection
	GlobalSection(SolutionProperties) = preSolution
		HideSolutionNode = FALSE
	EndGlobalSection
EndGlobal
